
Microsoft Visual Studio Solution File, Format Version 12.00
# Visual Studio Version 17
VisualStudioVersion = 17.4.33213.308
MinimumVisualStudioVersion = 10.0.40219.1
Project("{FAE04EC0-301F-11D3-BF4B-00C04F79EFBC}") = "eTickets", "eTickets.csproj", "{C9F4C410-1396-47EB-83D1-2F7530EC3395}"
EndProject
Global
	GlobalSection(SolutionConfigurationPlatforms) = preSolution
		Debug|Any CPU = Debug|Any CPU
		Release|Any CPU = Release|Any CPU
	EndGlobalSection
	GlobalSection(ProjectConfigurationPlatforms) = postSolution
		{C9F4C410-1396-47EB-83D1-2F7530EC3395}.Debug|Any CPU.ActiveCfg = Debug|Any CPU
		{C9F4C410-1396-47EB-83D1-2F7530EC3395}.Debug|Any CPU.Build.0 = Debug|Any CPU
		{C9F4C410-1396-47EB-83D1-2F7530EC3395}.Release|Any CPU.ActiveCfg = Release|Any CPU
		{C9F4C410-1396-47EB-83D1-2F7530EC3395}.Release|Any CPU.Build.0 = Release|Any CPU
	EndGlobalSection
	GlobalSection(SolutionProperties) = preSolution
		HideSolutionNode = FALSE
	EndGlobalSection
	GlobalSection(ExtensibilityGlobals) = postSolution
		SolutionGuid = {5215919A-BA79-4EAB-B276-544B09838AF1}
	EndGlobalSection
EndGlobal
